
Microsoft Visual Studio Solution File, Format Version 12.00
# Visual Studio Version 16
VisualStudioVersion = 16.0.30114.105
MinimumVisualStudioVersion = 10.0.40219.1
Project("{FAE04EC0-301F-11D3-BF4B-00C04F79EFBC}") = "MasterMike", "MasterMike\MasterMike.csproj", "{4737EB5C-0074-43FA-8C73-B932C59EEABA}"
EndProject
Global
	GlobalSection(SolutionConfigurationPlatforms) = preSolution
		Debug|Any CPU = Debug|Any CPU
		Release|Any CPU = Release|Any CPU
	EndGlobalSection
	GlobalSection(ProjectConfigurationPlatforms) = postSolution
		{4737EB5C-0074-43FA-8C73-B932C59EEABA}.Debug|Any CPU.ActiveCfg = Debug|Any CPU
		{4737EB5C-0074-43FA-8C73-B932C59EEABA}.Debug|Any CPU.Build.0 = Debug|Any CPU
		{4737EB5C-0074-43FA-8C73-B932C59EEABA}.Release|Any CPU.ActiveCfg = Release|Any CPU
		{4737EB5C-0074-43FA-8C73-B932C59EEABA}.Release|Any CPU.Build.0 = Release|Any CPU
	EndGlobalSection
	GlobalSection(SolutionProperties) = preSolution
		HideSolutionNode = FALSE
	EndGlobalSection
	GlobalSection(ExtensibilityGlobals) = postSolution
		SolutionGuid = {0DD62DDF-FA75-4611-8822-1A929273FA48}
	EndGlobalSection
EndGlobal
